
Microsoft Visual Studio Solution File, Format Version 12.00
# Visual Studio Version 17
VisualStudioVersion = 17.0.31903.59
MinimumVisualStudioVersion = 10.0.40219.1
Project("{2150E333-8FDC-42A3-9474-1A3956D46DE8}") = "src", "src", "{60DCD6C2-B4D9-42DE-A5D9-6420C131B3FC}"
EndProject
Project("{FAE04EC0-301F-11D3-BF4B-00C04F79EFBC}") = "TravelRequests.Domain", "src\TravelRequests.Domain\TravelRequests.Domain.csproj", "{A69C96F2-3760-4111-BCC3-332566AE5EAB}"
EndProject
Project("{FAE04EC0-301F-11D3-BF4B-00C04F79EFBC}") = "TravelRequests.Application", "src\TravelRequests.Application\TravelRequests.Application.csproj", "{E3392248-5968-4AD3-8AD2-4D42EEA02D2C}"
EndProject
Project("{FAE04EC0-301F-11D3-BF4B-00C04F79EFBC}") = "TravelRequests.Infrastructure", "src\TravelRequests.Infrastructure\TravelRequests.Infrastructure.csproj", "{B1B6EC84-4B23-4FAA-8BF8-1D8561A3D357}"
EndProject
Project("{FAE04EC0-301F-11D3-BF4B-00C04F79EFBC}") = "TravelRequests.Api", "src\TravelRequests.Api\TravelRequests.Api.csproj", "{9730820D-7067-40F3-9850-B2F50F6E337D}"
EndProject
Project("{2150E333-8FDC-42A3-9474-1A3956D46DE8}") = "tests", "tests", "{A42D16BF-CFC7-4511-8810-9EE8EFE2D55B}"
EndProject
Project("{FAE04EC0-301F-11D3-BF4B-00C04F79EFBC}") = "TravelRequests.Tests", "tests\TravelRequests.Tests\TravelRequests.Tests.csproj", "{CF1DD866-88FC-4306-89F2-0D5AC7A91AE7}"
EndProject
Global
	GlobalSection(SolutionConfigurationPlatforms) = preSolution
		Debug|Any CPU = Debug|Any CPU
		Release|Any CPU = Release|Any CPU
	EndGlobalSection
	GlobalSection(SolutionProperties) = preSolution
		HideSolutionNode = FALSE
	EndGlobalSection
	GlobalSection(ProjectConfigurationPlatforms) = postSolution
		{A69C96F2-3760-4111-BCC3-332566AE5EAB}.Debug|Any CPU.ActiveCfg = Debug|Any CPU
		{A69C96F2-3760-4111-BCC3-332566AE5EAB}.Debug|Any CPU.Build.0 = Debug|Any CPU
		{A69C96F2-3760-4111-BCC3-332566AE5EAB}.Release|Any CPU.ActiveCfg = Release|Any CPU
		{A69C96F2-3760-4111-BCC3-332566AE5EAB}.Release|Any CPU.Build.0 = Release|Any CPU
		{E3392248-5968-4AD3-8AD2-4D42EEA02D2C}.Debug|Any CPU.ActiveCfg = Debug|Any CPU
		{E3392248-5968-4AD3-8AD2-4D42EEA02D2C}.Debug|Any CPU.Build.0 = Debug|Any CPU
		{E3392248-5968-4AD3-8AD2-4D42EEA02D2C}.Release|Any CPU.ActiveCfg = Release|Any CPU
		{E3392248-5968-4AD3-8AD2-4D42EEA02D2C}.Release|Any CPU.Build.0 = Release|Any CPU
		{B1B6EC84-4B23-4FAA-8BF8-1D8561A3D357}.Debug|Any CPU.ActiveCfg = Debug|Any CPU
		{B1B6EC84-4B23-4FAA-8BF8-1D8561A3D357}.Debug|Any CPU.Build.0 = Debug|Any CPU
		{B1B6EC84-4B23-4FAA-8BF8-1D8561A3D357}.Release|Any CPU.ActiveCfg = Release|Any CPU
		{B1B6EC84-4B23-4FAA-8BF8-1D8561A3D357}.Release|Any CPU.Build.0 = Release|Any CPU
		{9730820D-7067-40F3-9850-B2F50F6E337D}.Debug|Any CPU.ActiveCfg = Debug|Any CPU
		{9730820D-7067-40F3-9850-B2F50F6E337D}.Debug|Any CPU.Build.0 = Debug|Any CPU
		{9730820D-7067-40F3-9850-B2F50F6E337D}.Release|Any CPU.ActiveCfg = Release|Any CPU
		{9730820D-7067-40F3-9850-B2F50F6E337D}.Release|Any CPU.Build.0 = Release|Any CPU
		{CF1DD866-88FC-4306-89F2-0D5AC7A91AE7}.Debug|Any CPU.ActiveCfg = Debug|Any CPU
		{CF1DD866-88FC-4306-89F2-0D5AC7A91AE7}.Debug|Any CPU.Build.0 = Debug|Any CPU
		{CF1DD866-88FC-4306-89F2-0D5AC7A91AE7}.Release|Any CPU.ActiveCfg = Release|Any CPU
		{CF1DD866-88FC-4306-89F2-0D5AC7A91AE7}.Release|Any CPU.Build.0 = Release|Any CPU
	EndGlobalSection
	GlobalSection(NestedProjects) = preSolution
		{A69C96F2-3760-4111-BCC3-332566AE5EAB} = {60DCD6C2-B4D9-42DE-A5D9-6420C131B3FC}
		{E3392248-5968-4AD3-8AD2-4D42EEA02D2C} = {60DCD6C2-B4D9-42DE-A5D9-6420C131B3FC}
		{B1B6EC84-4B23-4FAA-8BF8-1D8561A3D357} = {60DCD6C2-B4D9-42DE-A5D9-6420C131B3FC}
		{9730820D-7067-40F3-9850-B2F50F6E337D} = {60DCD6C2-B4D9-42DE-A5D9-6420C131B3FC}
		{CF1DD866-88FC-4306-89F2-0D5AC7A91AE7} = {A42D16BF-CFC7-4511-8810-9EE8EFE2D55B}
	EndGlobalSection
EndGlobal
